
Microsoft Visual Studio Solution File, Format Version 12.00
# Visual Studio Version 17
VisualStudioVersion = 17.13.35828.75 d17.13
MinimumVisualStudioVersion = 10.0.40219.1
Project("{FAE04EC0-301F-11D3-BF4B-00C04F79EFBC}") = "WindosSentinel", "WindosSentinel.csproj", "{00689422-69F6-4778-ADB4-9BD123F81222}"
EndProject
Global
	GlobalSection(SolutionConfigurationPlatforms) = preSolution
		Debug|Any CPU = Debug|Any CPU
		Release|Any CPU = Release|Any CPU
	EndGlobalSection
	GlobalSection(ProjectConfigurationPlatforms) = postSolution
		{00689422-69F6-4778-ADB4-9BD123F81222}.Debug|Any CPU.ActiveCfg = Debug|Any CPU
		{00689422-69F6-4778-ADB4-9BD123F81222}.Debug|Any CPU.Build.0 = Debug|Any CPU
		{00689422-69F6-4778-ADB4-9BD123F81222}.Release|Any CPU.ActiveCfg = Release|Any CPU
		{00689422-69F6-4778-ADB4-9BD123F81222}.Release|Any CPU.Build.0 = Release|Any CPU
	EndGlobalSection
	GlobalSection(SolutionProperties) = preSolution
		HideSolutionNode = FALSE
	EndGlobalSection
	GlobalSection(ExtensibilityGlobals) = postSolution
		SolutionGuid = {D8DE9347-3404-4F5C-979E-1DBE45AA66BF}
	EndGlobalSection
EndGlobal
